
Microsoft Visual Studio Solution File, Format Version 12.00
# Visual Studio Version 16
VisualStudioVersion = 16.0.30907.101
MinimumVisualStudioVersion = 10.0.40219.1
Project("{9A19103F-16F7-4668-BE54-9A1E7A4F7556}") = "HelloAbp", "HelloAbp\HelloAbp.csproj", "{DBAAD227-C5D6-4A60-BDA8-FF440D46C36C}"
EndProject
Project("{9A19103F-16F7-4668-BE54-9A1E7A4F7556}") = "HelloWebAbp", "HelloWebAbp\HelloWebAbp.csproj", "{DB8FAD21-1858-4C0D-B5F8-3C69A0F14303}"
EndProject
Global
	GlobalSection(SolutionConfigurationPlatforms) = preSolution
		Debug|Any CPU = Debug|Any CPU
		Release|Any CPU = Release|Any CPU
	EndGlobalSection
	GlobalSection(ProjectConfigurationPlatforms) = postSolution
		{DBAAD227-C5D6-4A60-BDA8-FF440D46C36C}.Debug|Any CPU.ActiveCfg = Debug|Any CPU
		{DBAAD227-C5D6-4A60-BDA8-FF440D46C36C}.Debug|Any CPU.Build.0 = Debug|Any CPU
		{DBAAD227-C5D6-4A60-BDA8-FF440D46C36C}.Release|Any CPU.ActiveCfg = Release|Any CPU
		{DBAAD227-C5D6-4A60-BDA8-FF440D46C36C}.Release|Any CPU.Build.0 = Release|Any CPU
		{DB8FAD21-1858-4C0D-B5F8-3C69A0F14303}.Debug|Any CPU.ActiveCfg = Debug|Any CPU
		{DB8FAD21-1858-4C0D-B5F8-3C69A0F14303}.Debug|Any CPU.Build.0 = Debug|Any CPU
		{DB8FAD21-1858-4C0D-B5F8-3C69A0F14303}.Release|Any CPU.ActiveCfg = Release|Any CPU
		{DB8FAD21-1858-4C0D-B5F8-3C69A0F14303}.Release|Any CPU.Build.0 = Release|Any CPU
	EndGlobalSection
	GlobalSection(SolutionProperties) = preSolution
		HideSolutionNode = FALSE
	EndGlobalSection
	GlobalSection(ExtensibilityGlobals) = postSolution
		SolutionGuid = {A56E51D4-B428-476B-862E-A77AF55D52DD}
	EndGlobalSection
EndGlobal
