
Microsoft Visual Studio Solution File, Format Version 12.00
# Visual Studio Version 16
VisualStudioVersion = 16.0.30717.126
MinimumVisualStudioVersion = 10.0.40219.1
Project("{9A19103F-16F7-4668-BE54-9A1E7A4F7556}") = "WebApplication1", "WebApplication1\WebApplication1.csproj", "{ED153A1D-D984-470C-A2DC-2241443DD28B}"
EndProject
Project("{9A19103F-16F7-4668-BE54-9A1E7A4F7556}") = "ConsoleApp2", "ConsoleApp2\ConsoleApp2.csproj", "{C9868957-C273-4D3D-B3C2-1E77957328D0}"
EndProject
Project("{9A19103F-16F7-4668-BE54-9A1E7A4F7556}") = "ConsoleApp1", "ConsoleApp1\ConsoleApp1.csproj", "{8DBB2C12-1379-44C1-BDC3-495C638BF692}"
EndProject
Project("{9A19103F-16F7-4668-BE54-9A1E7A4F7556}") = "WebApplication2", "WebApplication2\WebApplication2.csproj", "{5FFC93B9-024B-4019-8425-9BDA89E1C516}"
EndProject
Project("{9A19103F-16F7-4668-BE54-9A1E7A4F7556}") = "WebApplication3", "WebApplication3\WebApplication3.csproj", "{0B1C1314-DDBC-45A2-8C2E-049BB10F32FF}"
EndProject
Global
	GlobalSection(SolutionConfigurationPlatforms) = preSolution
		Debug|Any CPU = Debug|Any CPU
		Release|Any CPU = Release|Any CPU
	EndGlobalSection
	GlobalSection(ProjectConfigurationPlatforms) = postSolution
		{ED153A1D-D984-470C-A2DC-2241443DD28B}.Debug|Any CPU.ActiveCfg = Debug|Any CPU
		{ED153A1D-D984-470C-A2DC-2241443DD28B}.Debug|Any CPU.Build.0 = Debug|Any CPU
		{ED153A1D-D984-470C-A2DC-2241443DD28B}.Release|Any CPU.ActiveCfg = Release|Any CPU
		{ED153A1D-D984-470C-A2DC-2241443DD28B}.Release|Any CPU.Build.0 = Release|Any CPU
		{C9868957-C273-4D3D-B3C2-1E77957328D0}.Debug|Any CPU.ActiveCfg = Debug|Any CPU
		{C9868957-C273-4D3D-B3C2-1E77957328D0}.Debug|Any CPU.Build.0 = Debug|Any CPU
		{C9868957-C273-4D3D-B3C2-1E77957328D0}.Release|Any CPU.ActiveCfg = Release|Any CPU
		{C9868957-C273-4D3D-B3C2-1E77957328D0}.Release|Any CPU.Build.0 = Release|Any CPU
		{8DBB2C12-1379-44C1-BDC3-495C638BF692}.Debug|Any CPU.ActiveCfg = Debug|Any CPU
		{8DBB2C12-1379-44C1-BDC3-495C638BF692}.Debug|Any CPU.Build.0 = Debug|Any CPU
		{8DBB2C12-1379-44C1-BDC3-495C638BF692}.Release|Any CPU.ActiveCfg = Release|Any CPU
		{8DBB2C12-1379-44C1-BDC3-495C638BF692}.Release|Any CPU.Build.0 = Release|Any CPU
		{5FFC93B9-024B-4019-8425-9BDA89E1C516}.Debug|Any CPU.ActiveCfg = Debug|Any CPU
		{5FFC93B9-024B-4019-8425-9BDA89E1C516}.Debug|Any CPU.Build.0 = Debug|Any CPU
		{5FFC93B9-024B-4019-8425-9BDA89E1C516}.Release|Any CPU.ActiveCfg = Release|Any CPU
		{5FFC93B9-024B-4019-8425-9BDA89E1C516}.Release|Any CPU.Build.0 = Release|Any CPU
		{0B1C1314-DDBC-45A2-8C2E-049BB10F32FF}.Debug|Any CPU.ActiveCfg = Debug|Any CPU
		{0B1C1314-DDBC-45A2-8C2E-049BB10F32FF}.Debug|Any CPU.Build.0 = Debug|Any CPU
		{0B1C1314-DDBC-45A2-8C2E-049BB10F32FF}.Release|Any CPU.ActiveCfg = Release|Any CPU
		{0B1C1314-DDBC-45A2-8C2E-049BB10F32FF}.Release|Any CPU.Build.0 = Release|Any CPU
	EndGlobalSection
	GlobalSection(SolutionProperties) = preSolution
		HideSolutionNode = FALSE
	EndGlobalSection
	GlobalSection(ExtensibilityGlobals) = postSolution
		SolutionGuid = {69B48A36-EF4F-4128-B041-C346EEBE5EAF}
	EndGlobalSection
EndGlobal
